// !$*UTF8*$!
{
	archiveVersion = 1;
	classes = {
	};
	objectVersion = 46;
	objects = {

/* Begin PBXBuildFile section */
		5EC94E7E19D3841F0007D055 /* main.m in Sources */ = {isa = PBXBuildFile; fileRef = 5EC94E7D19D3841F0007D055 /* main.m */; };
		5EC94E8119D3841F0007D055 /* AppDelegate.m in Sources */ = {isa = PBXBuildFile; fileRef = 5EC94E8019D3841F0007D055 /* AppDelegate.m */; };
		5EC94E8419D3841F0007D055 /* MainViewController.m in Sources */ = {isa = PBXBuildFile; fileRef = 5EC94E8319D3841F0007D055 /* MainViewController.m */; };
		5EC94E8719D3841F0007D055 /* Main.storyboard in Resources */ = {isa = PBXBuildFile; fileRef = 5EC94E8519D3841F0007D055 /* Main.storyboard */; };
		5EC94E8919D3841F0007D055 /* Images.xcassets in Resources */ = {isa = PBXBuildFile; fileRef = 5EC94E8819D3841F0007D055 /* Images.xcassets */; };
		5EC94E8C19D3841F0007D055 /* LaunchScreen.xib in Resources */ = {isa = PBXBuildFile; fileRef = 5EC94E8A19D3841F0007D055 /* LaunchScreen.xib */; };
		5EC94E9819D3841F0007D055 /* HellowWorld_1Tests.m in Sources */ = {isa = PBXBuildFile; fileRef = 5EC94E9719D3841F0007D055 /* HellowWorld_1Tests.m */; };
/* End PBXBuildFile section */

/* Begin PBXContainerItemProxy section */
		5EC94E9219D3841F0007D055 /* PBXContainerItemProxy */ = {
			isa = PBXContainerItemProxy;
			containerPortal = 5EC94E7019D3841F0007D055 /* Project object */;
			proxyType = 1;
			remoteGlobalIDString = 5EC94E7719D3841F0007D055;
			remoteInfo = HellowWorld_1;
		};
/* End PBXContainerItemProxy section */

/* Begin PBXFileReference section */
		5EC94E7819D3841F0007D055 /* HellowWorld_1.app */ = {isa = PBXFileReference; explicitFileType = wrapper.application; includeInIndex = 0; path = HellowWorld_1.app; sourceTree = BUILT_PRODUCTS_DIR; };
		5EC94E7C19D3841F0007D055 /* Info.plist */ = {isa = PBXFileReference; lastKnownFileType = text.plist.xml; path = Info.plist; sourceTree = "<group>"; };
		5EC94E7D19D3841F0007D055 /* main.m */ = {isa = PBXFileReference; lastKnownFileType = sourcecode.c.objc; path = main.m; sourceTree = "<group>"; };
		5EC94E7F19D3841F0007D055 /* AppDelegate.h */ = {isa = PBXFileReference; lastKnownFileType = sourcecode.c.h; path = AppDelegate.h; sourceTree = "<group>"; };
		5EC94E8019D3841F0007D055 /* AppDelegate.m */ = {isa = PBXFileReference; lastKnownFileType = sourcecode.c.objc; path = AppDelegate.m; sourceTree = "<group>"; };
		5EC94E8219D3841F0007D055 /* MainViewController.h */ = {isa = PBXFileReference; lastKnownFileType = sourcecode.c.h; path = MainViewController.h; sourceTree = "<group>"; };
		5EC94E8319D3841F0007D055 /* MainViewController.m */ = {isa = PBXFileReference; lastKnownFileType = sourcecode.c.objc; path = MainViewController.m; sourceTree = "<group>"; };
		5EC94E8619D3841F0007D055 /* Base */ = {isa = PBXFileReference; lastKnownFileType = file.storyboard; name = Base; path = Base.lproj/Main.storyboard; sourceTree = "<group>"; };
		5EC94E8819D3841F0007D055 /* Images.xcassets */ = {isa = PBXFileReference; lastKnownFileType = folder.assetcatalog; path = Images.xcassets; sourceTree = "<group>"; };
		5EC94E8B19D3841F0007D055 /* Base */ = {isa = PBXFileReference; lastKnownFileType = file.xib; name = Base; path = Base.lproj/LaunchScreen.xib; sourceTree = "<group>"; };
		5EC94E9119D3841F0007D055 /* HellowWorld_1Tests.xctest */ = {isa = PBXFileReference; explicitFileType = wrapper.cfbundle; includeInIndex = 0; path = HellowWorld_1Tests.xctest; sourceTree = BUILT_PRODUCTS_DIR; };
		5EC94E9619D3841F0007D055 /* Info.plist */ = {isa = PBXFileReference; lastKnownFileType = text.plist.xml; path = Info.plist; sourceTree = "<group>"; };
		5EC94E9719D3841F0007D055 /* HellowWorld_1Tests.m */ = {isa = PBXFileReference; lastKnownFileType = sourcecode.c.objc; path = HellowWorld_1Tests.m; sourceTree = "<group>"; };
/* End PBXFileReference section */

/* Begin PBXFrameworksBuildPhase section */
		5EC94E7519D3841F0007D055 /* Frameworks */ = {
			isa = PBXFrameworksBuildPhase;
			buildActionMask = 2147483647;
			files = (
			);
			runOnlyForDeploymentPostprocessing = 0;
		};
		5EC94E8E19D3841F0007D055 /* Frameworks */ = {
			isa = PBXFrameworksBuildPhase;
			buildActionMask = 2147483647;
			files = (
			);
			runOnlyForDeploymentPostprocessing = 0;
		};
/* End PBXFrameworksBuildPhase section */

/* Begin PBXGroup section */
		5EC94E6F19D3841F0007D055 = {
			isa = PBXGroup;
			children = (
				5EC94E7A19D3841F0007D055 /* HellowWorld_1 */,
				5EC94E9419D3841F0007D055 /* HellowWorld_1Tests */,
				5EC94E7919D3841F0007D055 /* Products */,
			);
			sourceTree = "<group>";
		};
		5EC94E7919D3841F0007D055 /* Products */ = {
			isa = PBXGroup;
			children = (
				5EC94E7819D3841F0007D055 /* HellowWorld_1.app */,
				5EC94E9119D3841F0007D055 /* HellowWorld_1Tests.xctest */,
			);
			name = Products;
			sourceTree = "<group>";
		};
		5EC94E7A19D3841F0007D055 /* HellowWorld_1 */ = {
			isa = PBXGroup;
			children = (
				5EC94E7F19D3841F0007D055 /* AppDelegate.h */,
				5EC94E8019D3841F0007D055 /* AppDelegate.m */,
				5EC94E8219D3841F0007D055 /* MainViewController.h */,
				5EC94E8319D3841F0007D055 /* MainViewController.m */,
				5EC94E8519D3841F0007D055 /* Main.storyboard */,
				5EC94E8819D3841F0007D055 /* Images.xcassets */,
				5EC94E8A19D3841F0007D055 /* LaunchScreen.xib */,
				5EC94E7B19D3841F0007D055 /* Supporting Files */,
			);
			path = HellowWorld_1;
			sourceTree = "<group>";
		};
		5EC94E7B19D3841F0007D055 /* Supporting Files */ = {
			isa = PBXGroup;
			children = (
				5EC94E7C19D3841F0007D055 /* Info.plist */,
				5EC94E7D19D3841F0007D055 /* main.m */,
			);
			name = "Supporting Files";
			sourceTree = "<group>";
		};
		5EC94E9419D3841F0007D055 /* HellowWorld_1Tests */ = {
			isa = PBXGroup;
			children = (
				5EC94E9719D3841F0007D055 /* HellowWorld_1Tests.m */,
				5EC94E9519D3841F0007D055 /* Supporting Files */,
			);
			path = HellowWorld_1Tests;
			sourceTree = "<group>";
		};
		5EC94E9519D3841F0007D055 /* Supporting Files */ = {
			isa = PBXGroup;
			children = (
				5EC94E9619D3841F0007D055 /* Info.plist */,
			);
			name = "Supporting Files";
			sourceTree = "<group>";
		};
/* End PBXGroup section */

/* Begin PBXNativeTarget section */
		5EC94E7719D3841F0007D055 /* HellowWorld_1 */ = {
			isa = PBXNativeTarget;
			buildConfigurationList = 5EC94E9B19D3841F0007D055 /* Build configuration list for PBXNativeTarget "HellowWorld_1" */;
			buildPhases = (
				5EC94E7419D3841F0007D055 /* Sources */,
				5EC94E7519D3841F0007D055 /* Frameworks */,
				5EC94E7619D3841F0007D055 /* Resources */,
			);
			buildRules = (
			);
			dependencies = (
			);
			name = HellowWorld_1;
			productName = HellowWorld_1;
			productReference = 5EC94E7819D3841F0007D055 /* HellowWorld_1.app */;
			productType = "com.apple.product-type.application";
		};
		5EC94E9019D3841F0007D055 /* HellowWorld_1Tests */ = {
			isa = PBXNativeTarget;
			buildConfigurationList = 5EC94E9E19D3841F0007D055 /* Build configuration list for PBXNativeTarget "HellowWorld_1Tests" */;
			buildPhases = (
				5EC94E8D19D3841F0007D055 /* Sources */,
				5EC94E8E19D3841F0007D055 /* Frameworks */,
				5EC94E8F19D3841F0007D055 /* Resources */,
			);
			buildRules = (
			);
			dependencies = (
				5EC94E9319D3841F0007D055 /* PBXTargetDependency */,
			);
			name = HellowWorld_1Tests;
			productName = HellowWorld_1Tests;
			productReference = 5EC94E9119D3841F0007D055 /* HellowWorld_1Tests.xctest */;
			productType = "com.apple.product-type.bundle.unit-test";
		};
/* End PBXNativeTarget section */

/* Begin PBXProject section */
		5EC94E7019D3841F0007D055 /* Project object */ = {
			isa = PBXProject;
			attributes = {
				LastUpgradeCheck = 0600;
				ORGANIZATIONNAME = "Parmesh Bayappu";
				TargetAttributes = {
					5EC94E7719D3841F0007D055 = {
						CreatedOnToolsVersion = 6.0.1;
					};
					5EC94E9019D3841F0007D055 = {
						CreatedOnToolsVersion = 6.0.1;
						TestTargetID = 5EC94E7719D3841F0007D055;
					};
				};
			};
			buildConfigurationList = 5EC94E7319D3841F0007D055 /* Build configuration list for PBXProject "HellowWorld_1" */;
			compatibilityVersion = "Xcode 3.2";
			developmentRegion = English;
			hasScannedForEncodings = 0;
			knownRegions = (
				en,
				Base,
			);
			mainGroup = 5EC94E6F19D3841F0007D055;
			productRefGroup = 5EC94E7919D3841F0007D055 /* Products */;
			projectDirPath = "";
			projectRoot = "";
			targets = (
				5EC94E7719D3841F0007D055 /* HellowWorld_1 */,
				5EC94E9019D3841F0007D055 /* HellowWorld_1Tests */,
			);
		};
/* End PBXProject section */

/* Begin PBXResourcesBuildPhase section */
		5EC94E7619D3841F0007D055 /* Resources */ = {
			isa = PBXResourcesBuildPhase;
			buildActionMask = 2147483647;
			files = (
				5EC94E8719D3841F0007D055 /* Main.storyboard in Resources */,
				5EC94E8C19D3841F0007D055 /* LaunchScreen.xib in Resources */,
				5EC94E8919D3841F0007D055 /* Images.xcassets in Resources */,
			);
			runOnlyForDeploymentPostprocessing = 0;
		};
		5EC94E8F19D3841F0007D055 /* Resources */ = {
			isa = PBXResourcesBuildPhase;
			buildActionMask = 2147483647;
			files = (
			);
			runOnlyForDeploymentPostprocessing = 0;
		};
/* End PBXResourcesBuildPhase section */

/* Begin PBXSourcesBuildPhase section */
		5EC94E7419D3841F0007D055 /* Sources */ = {
			isa = PBXSourcesBuildPhase;
			buildActionMask = 2147483647;
			files = (
				5EC94E8419D3841F0007D055 /* MainViewController.m in Sources */,
				5EC94E8119D3841F0007D055 /* AppDelegate.m in Sources */,
				5EC94E7E19D3841F0007D055 /* main.m in Sources */,
			);
			runOnlyForDeploymentPostprocessing = 0;
		};
		5EC94E8D19D3841F0007D055 /* Sources */ = {
			isa = PBXSourcesBuildPhase;
			buildActionMask = 2147483647;
			files = (
				5EC94E9819D3841F0007D055 /* HellowWorld_1Tests.m in Sources */,
			);
			runOnlyForDeploymentPostprocessing = 0;
		};
/* End PBXSourcesBuildPhase section */

/* Begin PBXTargetDependency section */
		5EC94E9319D3841F0007D055 /* PBXTargetDependency */ = {
			isa = PBXTargetDependency;
			target = 5EC94E7719D3841F0007D055 /* HellowWorld_1 */;
			targetProxy = 5EC94E9219D3841F0007D055 /* PBXContainerItemProxy */;
		};
/* End PBXTargetDependency section */

/* Begin PBXVariantGroup section */
		5EC94E8519D3841F0007D055 /* Main.storyboard */ = {
			isa = PBXVariantGroup;
			children = (
				5EC94E8619D3841F0007D055 /* Base */,
			);
			name = Main.storyboard;
			sourceTree = "<group>";
		};
		5EC94E8A19D3841F0007D055 /* LaunchScreen.xib */ = {
			isa = PBXVariantGroup;
			children = (
				5EC94E8B19D3841F0007D055 /* Base */,
			);
			name = LaunchScreen.xib;
			sourceTree = "<group>";
		};
/* End PBXVariantGroup section */

/* Begin XCBuildConfiguration section */
		5EC94E9919D3841F0007D055 /* Debug */ = {
			isa = XCBuildConfiguration;
			buildSettings = {
				ALWAYS_SEARCH_USER_PATHS = NO;
				CLANG_CXX_LANGUAGE_STANDARD = "gnu++0x";
				CLANG_CXX_LIBRARY = "libc++";
				CLANG_ENABLE_MODULES = YES;
				CLANG_ENABLE_OBJC_ARC = YES;
				CLANG_WARN_BOOL_CONVERSION = YES;
				CLANG_WARN_CONSTANT_CONVERSION = YES;
				CLANG_WARN_DIRECT_OBJC_ISA_USAGE = YES_ERROR;
				CLANG_WARN_EMPTY_BODY = YES;
				CLANG_WARN_ENUM_CONVERSION = YES;
				CLANG_WARN_INT_CONVERSION = YES;
				CLANG_WARN_OBJC_ROOT_CLASS = YES_ERROR;
				CLANG_WARN_UNREACHABLE_CODE = YES;
				CLANG_WARN__DUPLICATE_METHOD_MATCH = YES;
				"CODE_SIGN_IDENTITY[sdk=iphoneos*]" = "iPhone Developer";
				COPY_PHASE_STRIP = NO;
				ENABLE_STRICT_OBJC_MSGSEND = YES;
				GCC_C_LANGUAGE_STANDARD = gnu99;
				GCC_DYNAMIC_NO_PIC = NO;
				GCC_OPTIMIZATION_LEVEL = 0;
				GCC_PREPROCESSOR_DEFINITIONS = (
					"DEBUG=1",
					"$(inherited)",
				);
				GCC_SYMBOLS_PRIVATE_EXTERN = NO;
				GCC_WARN_64_TO_32_BIT_CONVERSION = YES;
				GCC_WARN_ABOUT_RETURN_TYPE = YES_ERROR;
				GCC_WARN_UNDECLARED_SELECTOR = YES;
				GCC_WARN_UNINITIALIZED_AUTOS = YES_AGGRESSIVE;
				GCC_WARN_UNUSED_FUNCTION = YES;
				GCC_WARN_UNUSED_VARIABLE = YES;
				IPHONEOS_DEPLOYMENT_TARGET = 8.0;
				MTL_ENABLE_DEBUG_INFO = YES;
				ONLY_ACTIVE_ARCH = YES;
				SDKROOT = iphoneos;
			};
			name = Debug;
		};
		5EC94E9A19D3841F0007D055 /* Release */ = {
			isa = XCBuildConfiguration;
			buildSettings = {
				ALWAYS_SEARCH_USER_PATHS = NO;
				CLANG_CXX_LANGUAGE_STANDARD = "gnu++0x";
				CLANG_CXX_LIBRARY = "libc++";
				CLANG_ENABLE_MODULES = YES;
				CLANG_ENABLE_OBJC_ARC = YES;
				CLANG_WARN_BOOL_CONVERSION = YES;
				CLANG_WARN_CONSTANT_CONVERSION = YES;
				CLANG_WARN_DIRECT_OBJC_ISA_USAGE = YES_ERROR;
				CLANG_WARN_EMPTY_BODY = YES;
				CLANG_WARN_ENUM_CONVERSION = YES;
				CLANG_WARN_INT_CONVERSION = YES;
				CLANG_WARN_OBJC_ROOT_CLASS = YES_ERROR;
				CLANG_WARN_UNREACHABLE_CODE = YES;
				CLANG_WARN__DUPLICATE_METHOD_MATCH = YES;
				"CODE_SIGN_IDENTITY[sdk=iphoneos*]" = "iPhone Developer";
				COPY_PHASE_STRIP = YES;
				ENABLE_NS_ASSERTIONS = NO;
				ENABLE_STRICT_OBJC_MSGSEND = YES;
				GCC_C_LANGUAGE_STANDARD = gnu99;
				GCC_WARN_64_TO_32_BIT_CONVERSION = YES;
				GCC_WARN_ABOUT_RETURN_TYPE = YES_ERROR;
				GCC_WARN_UNDECLARED_SELECTOR = YES;
				GCC_WARN_UNINITIALIZED_AUTOS = YES_AGGRESSIVE;
				GCC_WARN_UNUSED_FUNCTION = YES;
				GCC_WARN_UNUSED_VARIABLE = YES;
				IPHONEOS_DEPLOYMENT_TARGET = 8.0;
				MTL_ENABLE_DEBUG_INFO = NO;
				SDKROOT = iphoneos;
				VALIDATE_PRODUCT = YES;
			};
			name = Release;
		};
		5EC94E9C19D3841F0007D055 /* Debug */ = {
			isa = XCBuildConfiguration;
			buildSettings = {
				ASSETCATALOG_COMPILER_APPICON_NAME = AppIcon;
				INFOPLIST_FILE = HellowWorld_1/Info.plist;
				LD_RUNPATH_SEARCH_PATHS = "$(inherited) @executable_path/Frameworks";
				PRODUCT_NAME = "$(TARGET_NAME)";
			};
			name = Debug;
		};
		5EC94E9D19D3841F0007D055 /* Release */ = {
			isa = XCBuildConfiguration;
			buildSettings = {
				ASSETCATALOG_COMPILER_APPICON_NAME = AppIcon;
				INFOPLIST_FILE = HellowWorld_1/Info.plist;
				LD_RUNPATH_SEARCH_PATHS = "$(inherited) @executable_path/Frameworks";
				PRODUCT_NAME = "$(TARGET_NAME)";
			};
			name = Release;
		};
		5EC94E9F19D3841F0007D055 /* Debug */ = {
			isa = XCBuildConfiguration;
			buildSettings = {
				BUNDLE_LOADER = "$(TEST_HOST)";
				FRAMEWORK_SEARCH_PATHS = (
					"$(SDKROOT)/Developer/Library/Frameworks",
					"$(inherited)",
				);
				GCC_PREPROCESSOR_DEFINITIONS = (
					"DEBUG=1",
					"$(inherited)",
				);
				INFOPLIST_FILE = HellowWorld_1Tests/Info.plist;
				LD_RUNPATH_SEARCH_PATHS = "$(inherited) @executable_path/Frameworks @loader_path/Frameworks";
				PRODUCT_NAME = "$(TARGET_NAME)";
				TEST_HOST = "$(BUILT_PRODUCTS_DIR)/HellowWorld_1.app/HellowWorld_1";
			};
			name = Debug;
		};
		5EC94EA019D3841F0007D055 /* Release */ = {
			isa = XCBuildConfiguration;
			buildSettings = {
				BUNDLE_LOADER = "$(TEST_HOST)";
				FRAMEWORK_SEARCH_PATHS = (
					"$(SDKROOT)/Developer/Library/Frameworks",
					"$(inherited)",
				);
				INFOPLIST_FILE = HellowWorld_1Tests/Info.plist;
				LD_RUNPATH_SEARCH_PATHS = "$(inherited) @executable_path/Frameworks @loader_path/Frameworks";
				PRODUCT_NAME = "$(TARGET_NAME)";
				TEST_HOST = "$(BUILT_PRODUCTS_DIR)/HellowWorld_1.app/HellowWorld_1";
			};
			name = Release;
		};
/* End XCBuildConfiguration section */

/* Begin XCConfigurationList section */
		5EC94E7319D3841F0007D055 /* Build configuration list for PBXProject "HellowWorld_1" */ = {
			isa = XCConfigurationList;
			buildConfigurations = (
				5EC94E9919D3841F0007D055 /* Debug */,
				5EC94E9A19D3841F0007D055 /* Release */,
			);
			defaultConfigurationIsVisible = 0;
			defaultConfigurationName = Release;
		};
		5EC94E9B19D3841F0007D055 /* Build configuration list for PBXNativeTarget "HellowWorld_1" */ = {
			isa = XCConfigurationList;
			buildConfigurations = (
				5EC94E9C19D3841F0007D055 /* Debug */,
				5EC94E9D19D3841F0007D055 /* Release */,
			);
			defaultConfigurationIsVisible = 0;
			defaultConfigurationName = Release;
		};
		5EC94E9E19D3841F0007D055 /* Build configuration list for PBXNativeTarget "HellowWorld_1Tests" */ = {
			isa = XCConfigurationList;
			buildConfigurations = (
				5EC94E9F19D3841F0007D055 /* Debug */,
				5EC94EA019D3841F0007D055 /* Release */,
			);
			defaultConfigurationIsVisible = 0;
			defaultConfigurationName = Release;
		};
/* End XCConfigurationList section */
	};
	rootObject = 5EC94E7019D3841F0007D055 /* Project object */;
}
