// !$*UTF8*$!
{
	archiveVersion = 1;
	classes = {
	};
	objectVersion = 46;
	objects = {

/* Begin PBXContainerItemProxy section */
		5EC94EA619D384260007D055 /* PBXContainerItemProxy */ = {
			isa = PBXContainerItemProxy;
			containerPortal = 5EC94EA119D3841F0007D055 /* HellowWorld_1.xcodeproj */;
			proxyType = 2;
			remoteGlobalIDString = 5EC94E7819D3841F0007D055;
			remoteInfo = HellowWorld_1;
		};
		5EC94EA819D384260007D055 /* PBXContainerItemProxy */ = {
			isa = PBXContainerItemProxy;
			containerPortal = 5EC94EA119D3841F0007D055 /* HellowWorld_1.xcodeproj */;
			proxyType = 2;
			remoteGlobalIDString = 5EC94E9119D3841F0007D055;
			remoteInfo = HellowWorld_1Tests;
		};
/* End PBXContainerItemProxy section */

/* Begin PBXFileReference section */
		5EC94EA119D3841F0007D055 /* HellowWorld_1.xcodeproj */ = {isa = PBXFileReference; lastKnownFileType = "wrapper.pb-project"; name = HellowWorld_1.xcodeproj; path = HellowWorld_1/HellowWorld_1.xcodeproj; sourceTree = "<group>"; };
/* End PBXFileReference section */

/* Begin PBXGroup section */
		5EC94E6819D37E620007D055 = {
			isa = PBXGroup;
			children = (
				5EC94EA119D3841F0007D055 /* HellowWorld_1.xcodeproj */,
			);
			sourceTree = "<group>";
		};
		5EC94EA219D3841F0007D055 /* Products */ = {
			isa = PBXGroup;
			children = (
				5EC94EA719D384260007D055 /* HellowWorld_1.app */,
				5EC94EA919D384260007D055 /* HellowWorld_1Tests.xctest */,
			);
			name = Products;
			sourceTree = "<group>";
		};
/* End PBXGroup section */

/* Begin PBXProject section */
		5EC94E6919D37E620007D055 /* Project object */ = {
			isa = PBXProject;
			attributes = {
				LastUpgradeCheck = 0600;
			};
			buildConfigurationList = 5EC94E6C19D37E620007D055 /* Build configuration list for PBXProject "ParamProd1" */;
			compatibilityVersion = "Xcode 3.2";
			developmentRegion = English;
			hasScannedForEncodings = 0;
			knownRegions = (
				en,
			);
			mainGroup = 5EC94E6819D37E620007D055;
			projectDirPath = "";
			projectReferences = (
				{
					ProductGroup = 5EC94EA219D3841F0007D055 /* Products */;
					ProjectRef = 5EC94EA119D3841F0007D055 /* HellowWorld_1.xcodeproj */;
				},
			);
			projectRoot = "";
			targets = (
			);
		};
/* End PBXProject section */

/* Begin PBXReferenceProxy section */
		5EC94EA719D384260007D055 /* HellowWorld_1.app */ = {
			isa = PBXReferenceProxy;
			fileType = wrapper.application;
			path = HellowWorld_1.app;
			remoteRef = 5EC94EA619D384260007D055 /* PBXContainerItemProxy */;
			sourceTree = BUILT_PRODUCTS_DIR;
		};
		5EC94EA919D384260007D055 /* HellowWorld_1Tests.xctest */ = {
			isa = PBXReferenceProxy;
			fileType = wrapper.cfbundle;
			path = HellowWorld_1Tests.xctest;
			remoteRef = 5EC94EA819D384260007D055 /* PBXContainerItemProxy */;
			sourceTree = BUILT_PRODUCTS_DIR;
		};
/* End PBXReferenceProxy section */

/* Begin XCBuildConfiguration section */
		5EC94E6D19D37E620007D055 /* Debug */ = {
			isa = XCBuildConfiguration;
			buildSettings = {
			};
			name = Debug;
		};
		5EC94E6E19D37E620007D055 /* Release */ = {
			isa = XCBuildConfiguration;
			buildSettings = {
			};
			name = Release;
		};
/* End XCBuildConfiguration section */

/* Begin XCConfigurationList section */
		5EC94E6C19D37E620007D055 /* Build configuration list for PBXProject "ParamProd1" */ = {
			isa = XCConfigurationList;
			buildConfigurations = (
				5EC94E6D19D37E620007D055 /* Debug */,
				5EC94E6E19D37E620007D055 /* Release */,
			);
			defaultConfigurationIsVisible = 0;
			defaultConfigurationName = Release;
		};
/* End XCConfigurationList section */
	};
	rootObject = 5EC94E6919D37E620007D055 /* Project object */;
}
